
Microsoft Visual Studio Solution File, Format Version 12.00
# Visual Studio Version 16
VisualStudioVersion = 16.0.31424.327
MinimumVisualStudioVersion = 10.0.40219.1
Project("{FAE04EC0-301F-11D3-BF4B-00C04F79EFBC}") = "Fizzbuzz.MVC", "Fizzbuzz.MVC\Fizzbuzz.MVC.csproj", "{082E8556-B296-42DA-B3DC-AED75E244143}"
EndProject
Project("{FAE04EC0-301F-11D3-BF4B-00C04F79EFBC}") = "Fizzbuzz.BusinessLogic", "Fizzbuzz.BusinessLogic\Fizzbuzz.BusinessLogic.csproj", "{B7045F6F-3092-4AB0-B34F-75C862F641FE}"
EndProject
Project("{FAE04EC0-301F-11D3-BF4B-00C04F79EFBC}") = "Fizzbuzz.BusinessLogic.Test", "Fizzbuzz.BusinessLogic.Test\Fizzbuzz.BusinessLogic.Test.csproj", "{07162272-DFFE-4A41-9C72-699ED36FDCE0}"
EndProject
Project("{FAE04EC0-301F-11D3-BF4B-00C04F79EFBC}") = "Fizzbuzz.MVC.Test", "Fizzbuzz.MVC.Test\Fizzbuzz.MVC.Test.csproj", "{48E37F40-1B30-46B5-ADF9-F1667A02574A}"
EndProject
Global
	GlobalSection(SolutionConfigurationPlatforms) = preSolution
		Debug|Any CPU = Debug|Any CPU
		Release|Any CPU = Release|Any CPU
	EndGlobalSection
	GlobalSection(ProjectConfigurationPlatforms) = postSolution
		{082E8556-B296-42DA-B3DC-AED75E244143}.Debug|Any CPU.ActiveCfg = Debug|Any CPU
		{082E8556-B296-42DA-B3DC-AED75E244143}.Debug|Any CPU.Build.0 = Debug|Any CPU
		{082E8556-B296-42DA-B3DC-AED75E244143}.Release|Any CPU.ActiveCfg = Release|Any CPU
		{082E8556-B296-42DA-B3DC-AED75E244143}.Release|Any CPU.Build.0 = Release|Any CPU
		{B7045F6F-3092-4AB0-B34F-75C862F641FE}.Debug|Any CPU.ActiveCfg = Debug|Any CPU
		{B7045F6F-3092-4AB0-B34F-75C862F641FE}.Debug|Any CPU.Build.0 = Debug|Any CPU
		{B7045F6F-3092-4AB0-B34F-75C862F641FE}.Release|Any CPU.ActiveCfg = Release|Any CPU
		{B7045F6F-3092-4AB0-B34F-75C862F641FE}.Release|Any CPU.Build.0 = Release|Any CPU
		{07162272-DFFE-4A41-9C72-699ED36FDCE0}.Debug|Any CPU.ActiveCfg = Debug|Any CPU
		{07162272-DFFE-4A41-9C72-699ED36FDCE0}.Debug|Any CPU.Build.0 = Debug|Any CPU
		{07162272-DFFE-4A41-9C72-699ED36FDCE0}.Release|Any CPU.ActiveCfg = Release|Any CPU
		{07162272-DFFE-4A41-9C72-699ED36FDCE0}.Release|Any CPU.Build.0 = Release|Any CPU
		{48E37F40-1B30-46B5-ADF9-F1667A02574A}.Debug|Any CPU.ActiveCfg = Debug|Any CPU
		{48E37F40-1B30-46B5-ADF9-F1667A02574A}.Debug|Any CPU.Build.0 = Debug|Any CPU
		{48E37F40-1B30-46B5-ADF9-F1667A02574A}.Release|Any CPU.ActiveCfg = Release|Any CPU
		{48E37F40-1B30-46B5-ADF9-F1667A02574A}.Release|Any CPU.Build.0 = Release|Any CPU
	EndGlobalSection
	GlobalSection(SolutionProperties) = preSolution
		HideSolutionNode = FALSE
	EndGlobalSection
	GlobalSection(ExtensibilityGlobals) = postSolution
		SolutionGuid = {E7FE3B8B-8B3D-4606-B377-58DC47206228}
	EndGlobalSection
EndGlobal
